
Microsoft Visual Studio Solution File, Format Version 12.00
# Visual Studio Version 16
VisualStudioVersion = 16.0.30907.101
MinimumVisualStudioVersion = 10.0.40219.1
Project("{9A19103F-16F7-4668-BE54-9A1E7A4F7556}") = "EqServer.Host", "EqServer\EqServer.Host.csproj", "{B1D91E01-EAD6-4412-9927-3CDC5400A7F8}"
EndProject
Project("{9A19103F-16F7-4668-BE54-9A1E7A4F7556}") = "EqModels", "..\EqModels\EqModels\EqModels.csproj", "{8B6AE5C9-F0E4-4E1D-94A9-10BD1B5DECAA}"
EndProject
Project("{FAE04EC0-301F-11D3-BF4B-00C04F79EFBC}") = "EqServer.DL", "EqServer.DL\EqServer.DL.csproj", "{F2C4D95E-BED0-45FA-B5B1-E438096DA2E4}"
EndProject
Global
	GlobalSection(SolutionConfigurationPlatforms) = preSolution
		Debug|Any CPU = Debug|Any CPU
		Release|Any CPU = Release|Any CPU
	EndGlobalSection
	GlobalSection(ProjectConfigurationPlatforms) = postSolution
		{B1D91E01-EAD6-4412-9927-3CDC5400A7F8}.Debug|Any CPU.ActiveCfg = Debug|Any CPU
		{B1D91E01-EAD6-4412-9927-3CDC5400A7F8}.Debug|Any CPU.Build.0 = Debug|Any CPU
		{B1D91E01-EAD6-4412-9927-3CDC5400A7F8}.Release|Any CPU.ActiveCfg = Release|Any CPU
		{B1D91E01-EAD6-4412-9927-3CDC5400A7F8}.Release|Any CPU.Build.0 = Release|Any CPU
		{8B6AE5C9-F0E4-4E1D-94A9-10BD1B5DECAA}.Debug|Any CPU.ActiveCfg = Debug|Any CPU
		{8B6AE5C9-F0E4-4E1D-94A9-10BD1B5DECAA}.Debug|Any CPU.Build.0 = Debug|Any CPU
		{8B6AE5C9-F0E4-4E1D-94A9-10BD1B5DECAA}.Release|Any CPU.ActiveCfg = Release|Any CPU
		{8B6AE5C9-F0E4-4E1D-94A9-10BD1B5DECAA}.Release|Any CPU.Build.0 = Release|Any CPU
		{F2C4D95E-BED0-45FA-B5B1-E438096DA2E4}.Debug|Any CPU.ActiveCfg = Debug|Any CPU
		{F2C4D95E-BED0-45FA-B5B1-E438096DA2E4}.Debug|Any CPU.Build.0 = Debug|Any CPU
		{F2C4D95E-BED0-45FA-B5B1-E438096DA2E4}.Release|Any CPU.ActiveCfg = Release|Any CPU
		{F2C4D95E-BED0-45FA-B5B1-E438096DA2E4}.Release|Any CPU.Build.0 = Release|Any CPU
	EndGlobalSection
	GlobalSection(SolutionProperties) = preSolution
		HideSolutionNode = FALSE
	EndGlobalSection
	GlobalSection(ExtensibilityGlobals) = postSolution
		SolutionGuid = {96A71659-02D4-4E6C-B4E8-640AAA4B7496}
	EndGlobalSection
EndGlobal
